
Microsoft Visual Studio Solution File, Format Version 12.00
# Visual Studio Version 17
VisualStudioVersion = 17.3.32929.385
MinimumVisualStudioVersion = 10.0.40219.1
Project("{9A19103F-16F7-4668-BE54-9A1E7A4F7556}") = "Degiskenler", "Degiskenler\Degiskenler.csproj", "{7CBD6809-6FC1-41E4-A17D-E66F1032BECB}"
EndProject
Project("{9A19103F-16F7-4668-BE54-9A1E7A4F7556}") = "Operatöler", "Operatöler\Operatöler.csproj", "{C3006893-195E-497E-98EC-54D834E8B039}"
EndProject
Project("{9A19103F-16F7-4668-BE54-9A1E7A4F7556}") = "TipDonusumleri", "TipDonusumleri\TipDonusumleri.csproj", "{F2DA303C-487C-4024-B0D9-48D3A72534E6}"
EndProject
Project("{9A19103F-16F7-4668-BE54-9A1E7A4F7556}") = "HataYonetimi", "HataYonetimi\HataYonetimi.csproj", "{E560D842-0983-4E2E-9ABC-FC1E4C0D6936}"
EndProject
Project("{9A19103F-16F7-4668-BE54-9A1E7A4F7556}") = "IfElseElseIf", "IfElseElseIf\IfElseElseIf.csproj", "{093A712C-EF8A-46EF-B448-43755204E421}"
EndProject
Project("{9A19103F-16F7-4668-BE54-9A1E7A4F7556}") = "SwitchCase", "SwitchCase\SwitchCase.csproj", "{AA20101C-B0AD-45E1-9405-2FF1969CFEF3}"
EndProject
Project("{9A19103F-16F7-4668-BE54-9A1E7A4F7556}") = "Döngüler", "Döngüler\Döngüler.csproj", "{A8C5FA07-DD07-494C-AD04-510284E6FE34}"
EndProject
Project("{9A19103F-16F7-4668-BE54-9A1E7A4F7556}") = "Diziler", "Diziler\Diziler.csproj", "{55249266-0E9F-44D5-968A-060A3D969016}"
EndProject
Project("{9A19103F-16F7-4668-BE54-9A1E7A4F7556}") = "Methods", "Methods\Methods.csproj", "{DD7EEAD6-D130-4953-A653-6ADCC17DA6A3}"
EndProject
Project("{9A19103F-16F7-4668-BE54-9A1E7A4F7556}") = "MethodOverLoading", "MethodOverLoading\MethodOverLoading.csproj", "{B0843970-C803-46E8-A59A-B3F15A3F882C}"
EndProject
Project("{9A19103F-16F7-4668-BE54-9A1E7A4F7556}") = "RecursiveExtensionMethods", "RecursiveExtensionMethods\RecursiveExtensionMethods.csproj", "{797049DE-B52B-444D-BB51-B03919CFFF02}"
EndProject
Project("{FAE04EC0-301F-11D3-BF4B-00C04F79EFBC}") = "Odev1", "Odev1\Odev1.csproj", "{062EC772-DBB1-4593-B96C-3098427BD09B}"
EndProject
Global
	GlobalSection(SolutionConfigurationPlatforms) = preSolution
		Debug|Any CPU = Debug|Any CPU
		Release|Any CPU = Release|Any CPU
	EndGlobalSection
	GlobalSection(ProjectConfigurationPlatforms) = postSolution
		{7CBD6809-6FC1-41E4-A17D-E66F1032BECB}.Debug|Any CPU.ActiveCfg = Debug|Any CPU
		{7CBD6809-6FC1-41E4-A17D-E66F1032BECB}.Debug|Any CPU.Build.0 = Debug|Any CPU
		{7CBD6809-6FC1-41E4-A17D-E66F1032BECB}.Release|Any CPU.ActiveCfg = Release|Any CPU
		{7CBD6809-6FC1-41E4-A17D-E66F1032BECB}.Release|Any CPU.Build.0 = Release|Any CPU
		{C3006893-195E-497E-98EC-54D834E8B039}.Debug|Any CPU.ActiveCfg = Debug|Any CPU
		{C3006893-195E-497E-98EC-54D834E8B039}.Debug|Any CPU.Build.0 = Debug|Any CPU
		{C3006893-195E-497E-98EC-54D834E8B039}.Release|Any CPU.ActiveCfg = Release|Any CPU
		{C3006893-195E-497E-98EC-54D834E8B039}.Release|Any CPU.Build.0 = Release|Any CPU
		{F2DA303C-487C-4024-B0D9-48D3A72534E6}.Debug|Any CPU.ActiveCfg = Debug|Any CPU
		{F2DA303C-487C-4024-B0D9-48D3A72534E6}.Debug|Any CPU.Build.0 = Debug|Any CPU
		{F2DA303C-487C-4024-B0D9-48D3A72534E6}.Release|Any CPU.ActiveCfg = Release|Any CPU
		{F2DA303C-487C-4024-B0D9-48D3A72534E6}.Release|Any CPU.Build.0 = Release|Any CPU
		{E560D842-0983-4E2E-9ABC-FC1E4C0D6936}.Debug|Any CPU.ActiveCfg = Debug|Any CPU
		{E560D842-0983-4E2E-9ABC-FC1E4C0D6936}.Debug|Any CPU.Build.0 = Debug|Any CPU
		{E560D842-0983-4E2E-9ABC-FC1E4C0D6936}.Release|Any CPU.ActiveCfg = Release|Any CPU
		{E560D842-0983-4E2E-9ABC-FC1E4C0D6936}.Release|Any CPU.Build.0 = Release|Any CPU
		{093A712C-EF8A-46EF-B448-43755204E421}.Debug|Any CPU.ActiveCfg = Debug|Any CPU
		{093A712C-EF8A-46EF-B448-43755204E421}.Debug|Any CPU.Build.0 = Debug|Any CPU
		{093A712C-EF8A-46EF-B448-43755204E421}.Release|Any CPU.ActiveCfg = Release|Any CPU
		{093A712C-EF8A-46EF-B448-43755204E421}.Release|Any CPU.Build.0 = Release|Any CPU
		{AA20101C-B0AD-45E1-9405-2FF1969CFEF3}.Debug|Any CPU.ActiveCfg = Debug|Any CPU
		{AA20101C-B0AD-45E1-9405-2FF1969CFEF3}.Debug|Any CPU.Build.0 = Debug|Any CPU
		{AA20101C-B0AD-45E1-9405-2FF1969CFEF3}.Release|Any CPU.ActiveCfg = Release|Any CPU
		{AA20101C-B0AD-45E1-9405-2FF1969CFEF3}.Release|Any CPU.Build.0 = Release|Any CPU
		{A8C5FA07-DD07-494C-AD04-510284E6FE34}.Debug|Any CPU.ActiveCfg = Debug|Any CPU
		{A8C5FA07-DD07-494C-AD04-510284E6FE34}.Debug|Any CPU.Build.0 = Debug|Any CPU
		{A8C5FA07-DD07-494C-AD04-510284E6FE34}.Release|Any CPU.ActiveCfg = Release|Any CPU
		{A8C5FA07-DD07-494C-AD04-510284E6FE34}.Release|Any CPU.Build.0 = Release|Any CPU
		{55249266-0E9F-44D5-968A-060A3D969016}.Debug|Any CPU.ActiveCfg = Debug|Any CPU
		{55249266-0E9F-44D5-968A-060A3D969016}.Debug|Any CPU.Build.0 = Debug|Any CPU
		{55249266-0E9F-44D5-968A-060A3D969016}.Release|Any CPU.ActiveCfg = Release|Any CPU
		{55249266-0E9F-44D5-968A-060A3D969016}.Release|Any CPU.Build.0 = Release|Any CPU
		{DD7EEAD6-D130-4953-A653-6ADCC17DA6A3}.Debug|Any CPU.ActiveCfg = Debug|Any CPU
		{DD7EEAD6-D130-4953-A653-6ADCC17DA6A3}.Debug|Any CPU.Build.0 = Debug|Any CPU
		{DD7EEAD6-D130-4953-A653-6ADCC17DA6A3}.Release|Any CPU.ActiveCfg = Release|Any CPU
		{DD7EEAD6-D130-4953-A653-6ADCC17DA6A3}.Release|Any CPU.Build.0 = Release|Any CPU
		{B0843970-C803-46E8-A59A-B3F15A3F882C}.Debug|Any CPU.ActiveCfg = Debug|Any CPU
		{B0843970-C803-46E8-A59A-B3F15A3F882C}.Debug|Any CPU.Build.0 = Debug|Any CPU
		{B0843970-C803-46E8-A59A-B3F15A3F882C}.Release|Any CPU.ActiveCfg = Release|Any CPU
		{B0843970-C803-46E8-A59A-B3F15A3F882C}.Release|Any CPU.Build.0 = Release|Any CPU
		{797049DE-B52B-444D-BB51-B03919CFFF02}.Debug|Any CPU.ActiveCfg = Debug|Any CPU
		{797049DE-B52B-444D-BB51-B03919CFFF02}.Debug|Any CPU.Build.0 = Debug|Any CPU
		{797049DE-B52B-444D-BB51-B03919CFFF02}.Release|Any CPU.ActiveCfg = Release|Any CPU
		{797049DE-B52B-444D-BB51-B03919CFFF02}.Release|Any CPU.Build.0 = Release|Any CPU
		{062EC772-DBB1-4593-B96C-3098427BD09B}.Debug|Any CPU.ActiveCfg = Debug|Any CPU
		{062EC772-DBB1-4593-B96C-3098427BD09B}.Debug|Any CPU.Build.0 = Debug|Any CPU
		{062EC772-DBB1-4593-B96C-3098427BD09B}.Release|Any CPU.ActiveCfg = Release|Any CPU
		{062EC772-DBB1-4593-B96C-3098427BD09B}.Release|Any CPU.Build.0 = Release|Any CPU
	EndGlobalSection
	GlobalSection(SolutionProperties) = preSolution
		HideSolutionNode = FALSE
	EndGlobalSection
	GlobalSection(ExtensibilityGlobals) = postSolution
		SolutionGuid = {F19C64D6-3230-48F3-84EA-03FD19D9955B}
	EndGlobalSection
EndGlobal
